{"1.1.0",
[{<<"cowboy">>,{pkg,<<"cowboy">>,<<"2.6.1">>},1},
 {<<"cowlib">>,{pkg,<<"cowlib">>,<<"2.7.3">>},2},
 {<<"cuttlefish">>,
  {git,"https://github.com/emqx/cuttlefish",
       {ref,"0fe0d370dc618ff6aba79f3eb7b7156ee8135332"}},
  1},
 {<<"dep_http2_client">>,
  {git,"https://github.com/Bluehouse-Technology/http2_client",
       {ref,"8a6faf3ef1e0f3bb480d52d34ef5181258e99302"}},
  1},
 {<<"ekka">>,
  {git,"https://github.com/emqx/ekka",
       {ref,"2d879c7109602500d0adb4448e76f1940391fbf5"}},
  1},
 {<<"emqx">>,
  {git,"git@github.com:emqx/emqx.git",
       {ref,"b9715b9e71b6174b093938273e9f96b2d9e6db1c"}},
  0},
 {<<"esockd">>,{pkg,<<"esockd">>,<<"5.5.0">>},1},
 {<<"gen_rpc">>,
  {git,"https://github.com/emqx/gen_rpc",
       {ref,"8858fc3755dafe7380a21c0579da5bfa4d33c8e7"}},
  1},
 {<<"getopt">>,
  {git,"https://github.com/emqx/getopt.git",
       {ref,"215f2083408e1fe562d441aea6062bf5d9e1fb67"}},
  2},
 {<<"gpb">>,{pkg,<<"gpb">>,<<"4.4.0">>},0},
 {<<"gproc">>,{pkg,<<"gproc">>,<<"0.8.0">>},1},
 {<<"grpc_client">>,
  {git,"https://github.com/Bluehouse-Technology/grpc_client",
       {ref,"7b0309689126a8ead7548a1849a42cd7bed7240a"}},
  0},
 {<<"grpc_lib">>,
  {git,"https://github.com/Bluehouse-Technology/grpc_lib",
       {ref,"a77686b55b60b052d6c7cd927d04dde429bbdabf"}},
  1},
 {<<"jsx">>,{pkg,<<"jsx">>,<<"2.9.0">>},1},
 {<<"nats_msg">>,{pkg,<<"nats_msg">>,<<"0.4.1">>},1},
 {<<"ranch">>,{pkg,<<"ranch">>,<<"1.7.1">>},2},
 {<<"replayq">>,
  {git,"https://github.com/emqx/replayq",
       {ref,"c0536a9a12e25a4eafa6c9a78ccaaeb4794234bd"}},
  1},
 {<<"ssl_verify_fun">>,
  {git,"https://github.com/deadtrickster/ssl_verify_fun.erl.git",
       {ref,"c5718226b0b9f3d1a38ef6ca3c3b4c75f53dda92"}},
  2},
 {<<"teacup">>,{pkg,<<"teacup">>,<<"0.3.4">>},1},
 {<<"teacup_nats">>,{pkg,<<"teacup_nats">>,<<"0.4.1">>},0}]}.
[
{pkg_hash,[
 {<<"cowboy">>, <<"F2E06F757C337B3B311F9437E6E072B678FCD71545A7B2865BDAA154D078593F">>},
 {<<"cowlib">>, <<"A7FFCD0917E6D50B4D5FB28E9E2085A0CEB3C97DEA310505F7460FF5ED764CE9">>},
 {<<"esockd">>, <<"53017454B0F7AFA248E34CAD51823D5693FC41AFD1A29A658DB9DC8A0B4A851D">>},
 {<<"gpb">>, <<"CFD81B167F804B5A3720D7867530F6700E54644284431E4E14E032139C205251">>},
 {<<"gproc">>, <<"CEA02C578589C61E5341FCE149EA36CCEF236CC2ECAC8691FBA408E7EA77EC2F">>},
 {<<"jsx">>, <<"D2F6E5F069C00266CAD52FB15D87C428579EA4D7D73A33669E12679E203329DD">>},
 {<<"nats_msg">>, <<"3058CE6E09C3EFF1297CE5599E77D8FB9E04C9736962E4FACE67CA9EB3EB744D">>},
 {<<"ranch">>, <<"6B1FAB51B49196860B733A49C07604465A47BDB78AA10C1C16A3D199F7F8C881">>},
 {<<"teacup">>, <<"7D66AC0663AE0CEFF1552907E2EBD3E0A5B716C435765B57C589193D4C59DE4D">>},
 {<<"teacup_nats">>, <<"635A02473B0BE9079C83DFB22FECA502C61706D35A58D978427CA4577B5E08F8">>}]}
].
