{"1.1.0",
[{<<"cowlib">>,
  {git,"https://github.com/ninenines/cowlib",
       {ref,"078f855672fe8ad65d2b25b0a4843c0f5637f32c"}},
  2},
 {<<"gpb">>,{pkg,<<"gpb">>,<<"4.4.0">>},0},
 {<<"grpc_client">>,
  {git,"https://github.com/Bluehouse-Technology/grpc_client",
       {ref,"7b0309689126a8ead7548a1849a42cd7bed7240a"}},
  0},
 {<<"grpc_lib">>,
  {git,"https://github.com/Bluehouse-Technology/grpc_lib",
       {ref,"a77686b55b60b052d6c7cd927d04dde429bbdabf"}},
  1},
 {<<"http2_client">>,
  {git,"https://github.com/Bluehouse-Technology/http2_client",
       {ref,"8a6faf3ef1e0f3bb480d52d34ef5181258e99302"}},
  1},
 {<<"jsx">>,{pkg,<<"jsx">>,<<"2.8.0">>},1},
 {<<"nats_msg">>,{pkg,<<"nats_msg">>,<<"0.4.1">>},1},
 {<<"teacup">>,{pkg,<<"teacup">>,<<"0.3.4">>},1},
 {<<"teacup_nats">>,{pkg,<<"teacup_nats">>,<<"0.4.1">>},0},
 {<<"vernemq_dev">>,
  {git,"git://github.com/erlio/vernemq_dev.git",
       {ref,"01317f9271c1acb2fabda9b31b199029e87af1da"}},
  0}]}.
[
{pkg_hash,[
 {<<"gpb">>, <<"CFD81B167F804B5A3720D7867530F6700E54644284431E4E14E032139C205251">>},
 {<<"jsx">>, <<"749BEC6D205C694AE1786D62CEA6CC45A390437E24835FD16D12D74F07097727">>},
 {<<"nats_msg">>, <<"3058CE6E09C3EFF1297CE5599E77D8FB9E04C9736962E4FACE67CA9EB3EB744D">>},
 {<<"teacup">>, <<"7D66AC0663AE0CEFF1552907E2EBD3E0A5B716C435765B57C589193D4C59DE4D">>},
 {<<"teacup_nats">>, <<"635A02473B0BE9079C83DFB22FECA502C61706D35A58D978427CA4577B5E08F8">>}]}
].
